
Microsoft Visual Studio Solution File, Format Version 12.00
# Visual Studio Version 17
VisualStudioVersion = 17.13.35931.197 d17.13
MinimumVisualStudioVersion = 10.0.40219.1
Project("{FAE04EC0-301F-11D3-BF4B-00C04F79EFBC}") = "GostControl", "GostControl\GostControl.csproj", "{C520CC26-6A58-47E6-8CF4-E4259DB609BE}"
EndProject
Global
	GlobalSection(SolutionConfigurationPlatforms) = preSolution
		Debug|Any CPU = Debug|Any CPU
		Release|Any CPU = Release|Any CPU
	EndGlobalSection
	GlobalSection(ProjectConfigurationPlatforms) = postSolution
		{C520CC26-6A58-47E6-8CF4-E4259DB609BE}.Debug|Any CPU.ActiveCfg = Debug|Any CPU
		{C520CC26-6A58-47E6-8CF4-E4259DB609BE}.Debug|Any CPU.Build.0 = Debug|Any CPU
		{C520CC26-6A58-47E6-8CF4-E4259DB609BE}.Release|Any CPU.ActiveCfg = Release|Any CPU
		{C520CC26-6A58-47E6-8CF4-E4259DB609BE}.Release|Any CPU.Build.0 = Release|Any CPU
	EndGlobalSection
	GlobalSection(SolutionProperties) = preSolution
		HideSolutionNode = FALSE
	EndGlobalSection
	GlobalSection(ExtensibilityGlobals) = postSolution
		SolutionGuid = {3B97B6AB-7233-4377-ADA3-8529663EA288}
	EndGlobalSection
EndGlobal
